
Microsoft Visual Studio Solution File, Format Version 12.00
# Visual Studio 15
VisualStudioVersion = 15.0.28307.902
MinimumVisualStudioVersion = 10.0.40219.1
Project("{FAE04EC0-301F-11D3-BF4B-00C04F79EFBC}") = "LeadManagementSystemV2", "LeadManagementSystemV2\LeadManagementSystemV2.csproj", "{F157B1E4-67FD-44A1-85DB-EC33F85F28FA}"
EndProject
Global
	GlobalSection(SolutionConfigurationPlatforms) = preSolution
		Debug|Any CPU = Debug|Any CPU
		Release|Any CPU = Release|Any CPU
	EndGlobalSection
	GlobalSection(ProjectConfigurationPlatforms) = postSolution
		{F157B1E4-67FD-44A1-85DB-EC33F85F28FA}.Debug|Any CPU.ActiveCfg = Debug|Any CPU
		{F157B1E4-67FD-44A1-85DB-EC33F85F28FA}.Debug|Any CPU.Build.0 = Debug|Any CPU
		{F157B1E4-67FD-44A1-85DB-EC33F85F28FA}.Release|Any CPU.ActiveCfg = Release|Any CPU
		{F157B1E4-67FD-44A1-85DB-EC33F85F28FA}.Release|Any CPU.Build.0 = Release|Any CPU
	EndGlobalSection
	GlobalSection(SolutionProperties) = preSolution
		HideSolutionNode = FALSE
	EndGlobalSection
	GlobalSection(ExtensibilityGlobals) = postSolution
		SolutionGuid = {1F87C212-FCB2-4EBD-AC48-1D5BA33E5A80}
	EndGlobalSection
EndGlobal
